
Microsoft Visual Studio Solution File, Format Version 12.00
# Visual Studio Version 17
VisualStudioVersion = 17.10.34928.147
MinimumVisualStudioVersion = 10.0.40219.1
Project("{FAE04EC0-301F-11D3-BF4B-00C04F79EFBC}") = "StudentManagement", "StudentManagement\StudentManagement.csproj", "{CD3FEE5B-1DB2-49AB-BEFD-DEA39F1B4879}"
EndProject
Global
	GlobalSection(SolutionConfigurationPlatforms) = preSolution
		Debug|Any CPU = Debug|Any CPU
		Release|Any CPU = Release|Any CPU
	EndGlobalSection
	GlobalSection(ProjectConfigurationPlatforms) = postSolution
		{CD3FEE5B-1DB2-49AB-BEFD-DEA39F1B4879}.Debug|Any CPU.ActiveCfg = Debug|Any CPU
		{CD3FEE5B-1DB2-49AB-BEFD-DEA39F1B4879}.Debug|Any CPU.Build.0 = Debug|Any CPU
		{CD3FEE5B-1DB2-49AB-BEFD-DEA39F1B4879}.Release|Any CPU.ActiveCfg = Release|Any CPU
		{CD3FEE5B-1DB2-49AB-BEFD-DEA39F1B4879}.Release|Any CPU.Build.0 = Release|Any CPU
	EndGlobalSection
	GlobalSection(SolutionProperties) = preSolution
		HideSolutionNode = FALSE
	EndGlobalSection
	GlobalSection(ExtensibilityGlobals) = postSolution
		SolutionGuid = {68F7440B-69DC-4A88-8CA4-4EB34EFDA71C}
	EndGlobalSection
EndGlobal
